
Microsoft Visual Studio Solution File, Format Version 12.00
# Visual Studio Version 17
VisualStudioVersion = 17.4.33103.184
MinimumVisualStudioVersion = 10.0.40219.1
Project("{FAE04EC0-301F-11D3-BF4B-00C04F79EFBC}") = "StockProject.Entity", "StockProject.Entity\StockProject.Entity.csproj", "{E60FD87E-FB61-4CF7-8DD9-C43C842736C2}"
EndProject
Project("{FAE04EC0-301F-11D3-BF4B-00C04F79EFBC}") = "StockProject.Business", "StockProject.Business\StockProject.Business.csproj", "{90A366D4-DE10-41DB-8675-BD6ECB2D4CF2}"
EndProject
Project("{FAE04EC0-301F-11D3-BF4B-00C04F79EFBC}") = "StockProject.UI", "StockProject.UI\StockProject.UI.csproj", "{F16CD1B7-7C00-4C5E-A4F5-6956A1A80A08}"
EndProject
Global
	GlobalSection(SolutionConfigurationPlatforms) = preSolution
		Debug|Any CPU = Debug|Any CPU
		Release|Any CPU = Release|Any CPU
	EndGlobalSection
	GlobalSection(ProjectConfigurationPlatforms) = postSolution
		{E60FD87E-FB61-4CF7-8DD9-C43C842736C2}.Debug|Any CPU.ActiveCfg = Debug|Any CPU
		{E60FD87E-FB61-4CF7-8DD9-C43C842736C2}.Debug|Any CPU.Build.0 = Debug|Any CPU
		{E60FD87E-FB61-4CF7-8DD9-C43C842736C2}.Release|Any CPU.ActiveCfg = Release|Any CPU
		{E60FD87E-FB61-4CF7-8DD9-C43C842736C2}.Release|Any CPU.Build.0 = Release|Any CPU
		{90A366D4-DE10-41DB-8675-BD6ECB2D4CF2}.Debug|Any CPU.ActiveCfg = Debug|Any CPU
		{90A366D4-DE10-41DB-8675-BD6ECB2D4CF2}.Debug|Any CPU.Build.0 = Debug|Any CPU
		{90A366D4-DE10-41DB-8675-BD6ECB2D4CF2}.Release|Any CPU.ActiveCfg = Release|Any CPU
		{90A366D4-DE10-41DB-8675-BD6ECB2D4CF2}.Release|Any CPU.Build.0 = Release|Any CPU
		{F16CD1B7-7C00-4C5E-A4F5-6956A1A80A08}.Debug|Any CPU.ActiveCfg = Debug|Any CPU
		{F16CD1B7-7C00-4C5E-A4F5-6956A1A80A08}.Debug|Any CPU.Build.0 = Debug|Any CPU
		{F16CD1B7-7C00-4C5E-A4F5-6956A1A80A08}.Release|Any CPU.ActiveCfg = Release|Any CPU
		{F16CD1B7-7C00-4C5E-A4F5-6956A1A80A08}.Release|Any CPU.Build.0 = Release|Any CPU
	EndGlobalSection
	GlobalSection(SolutionProperties) = preSolution
		HideSolutionNode = FALSE
	EndGlobalSection
	GlobalSection(ExtensibilityGlobals) = postSolution
		SolutionGuid = {0C539D36-3CAC-4896-B117-31ED86CA649C}
	EndGlobalSection
EndGlobal
